
Microsoft Visual Studio Solution File, Format Version 12.00
# Visual Studio 15
VisualStudioVersion = 15.0.28307.271
MinimumVisualStudioVersion = 10.0.40219.1
Project("{00D1A9C2-B5F0-4AF3-8072-F6C62B433612}") = "Salon", "Salon\Salon.sqlproj", "{2E3E6CA1-AA5A-4A9C-A793-C789FD817C96}"
EndProject
Global
	GlobalSection(SolutionConfigurationPlatforms) = preSolution
		Debug|Any CPU = Debug|Any CPU
		Release|Any CPU = Release|Any CPU
	EndGlobalSection
	GlobalSection(ProjectConfigurationPlatforms) = postSolution
		{2E3E6CA1-AA5A-4A9C-A793-C789FD817C96}.Debug|Any CPU.ActiveCfg = Debug|Any CPU
		{2E3E6CA1-AA5A-4A9C-A793-C789FD817C96}.Debug|Any CPU.Build.0 = Debug|Any CPU
		{2E3E6CA1-AA5A-4A9C-A793-C789FD817C96}.Debug|Any CPU.Deploy.0 = Debug|Any CPU
		{2E3E6CA1-AA5A-4A9C-A793-C789FD817C96}.Release|Any CPU.ActiveCfg = Release|Any CPU
		{2E3E6CA1-AA5A-4A9C-A793-C789FD817C96}.Release|Any CPU.Build.0 = Release|Any CPU
		{2E3E6CA1-AA5A-4A9C-A793-C789FD817C96}.Release|Any CPU.Deploy.0 = Release|Any CPU
	EndGlobalSection
	GlobalSection(SolutionProperties) = preSolution
		HideSolutionNode = FALSE
	EndGlobalSection
	GlobalSection(ExtensibilityGlobals) = postSolution
		SolutionGuid = {855ED823-06A7-44E7-A80D-A7D43D381543}
	EndGlobalSection
EndGlobal
